
Microsoft Visual Studio Solution File, Format Version 12.00
# Visual Studio Version 17
VisualStudioVersion = 17.2.32616.157
MinimumVisualStudioVersion = 10.0.40219.1
Project("{9A19103F-16F7-4668-BE54-9A1E7A4F7556}") = "InteriorDesignQuotation", "InteriorDesignQuotation\InteriorDesignQuotation.csproj", "{95DE85EE-0DF2-4BCF-8C18-6880D80B55AB}"
EndProject
Project("{9A19103F-16F7-4668-BE54-9A1E7A4F7556}") = "BindingLibrary", "BindingLibrary\BindingLibrary.csproj", "{C060A553-C722-4679-9345-3D252160B5B8}"
EndProject
Global
	GlobalSection(SolutionConfigurationPlatforms) = preSolution
		Debug|Any CPU = Debug|Any CPU
		Release|Any CPU = Release|Any CPU
	EndGlobalSection
	GlobalSection(ProjectConfigurationPlatforms) = postSolution
		{95DE85EE-0DF2-4BCF-8C18-6880D80B55AB}.Debug|Any CPU.ActiveCfg = Debug|Any CPU
		{95DE85EE-0DF2-4BCF-8C18-6880D80B55AB}.Debug|Any CPU.Build.0 = Debug|Any CPU
		{95DE85EE-0DF2-4BCF-8C18-6880D80B55AB}.Release|Any CPU.ActiveCfg = Release|Any CPU
		{95DE85EE-0DF2-4BCF-8C18-6880D80B55AB}.Release|Any CPU.Build.0 = Release|Any CPU
		{C060A553-C722-4679-9345-3D252160B5B8}.Debug|Any CPU.ActiveCfg = Debug|Any CPU
		{C060A553-C722-4679-9345-3D252160B5B8}.Debug|Any CPU.Build.0 = Debug|Any CPU
		{C060A553-C722-4679-9345-3D252160B5B8}.Release|Any CPU.ActiveCfg = Release|Any CPU
		{C060A553-C722-4679-9345-3D252160B5B8}.Release|Any CPU.Build.0 = Release|Any CPU
	EndGlobalSection
	GlobalSection(SolutionProperties) = preSolution
		HideSolutionNode = FALSE
	EndGlobalSection
	GlobalSection(ExtensibilityGlobals) = postSolution
		SolutionGuid = {ECA4534F-31E6-4145-9ACD-AD8DF8D7D34D}
	EndGlobalSection
EndGlobal
